
Microsoft Visual Studio Solution File, Format Version 12.00
# Visual Studio Version 16
VisualStudioVersion = 16.0.30621.155
MinimumVisualStudioVersion = 10.0.40219.1
Project("{FAE04EC0-301F-11D3-BF4B-00C04F79EFBC}") = "SVGDemo.Android", "SVGDemo.Android\SVGDemo.Android.csproj", "{3E9A60AE-ADC9-448F-B7B2-FCE6C649D714}"
EndProject
Project("{FAE04EC0-301F-11D3-BF4B-00C04F79EFBC}") = "SVGDemo.iOS", "SVGDemo.iOS\SVGDemo.iOS.csproj", "{EE9645B8-0492-4235-8AAD-BE77728972F1}"
EndProject
Project("{FAE04EC0-301F-11D3-BF4B-00C04F79EFBC}") = "SVGDemo", "SVGDemo\SVGDemo.csproj", "{E7C32A25-3F8D-45B5-BA20-F34D022500C7}"
EndProject
Global
	GlobalSection(SolutionConfigurationPlatforms) = preSolution
		Debug|Any CPU = Debug|Any CPU
		Debug|iPhone = Debug|iPhone
		Debug|iPhoneSimulator = Debug|iPhoneSimulator
		Release|Any CPU = Release|Any CPU
		Release|iPhone = Release|iPhone
		Release|iPhoneSimulator = Release|iPhoneSimulator
	EndGlobalSection
	GlobalSection(ProjectConfigurationPlatforms) = postSolution
		{3E9A60AE-ADC9-448F-B7B2-FCE6C649D714}.Debug|Any CPU.ActiveCfg = Debug|Any CPU
		{3E9A60AE-ADC9-448F-B7B2-FCE6C649D714}.Debug|Any CPU.Build.0 = Debug|Any CPU
		{3E9A60AE-ADC9-448F-B7B2-FCE6C649D714}.Debug|Any CPU.Deploy.0 = Debug|Any CPU
		{3E9A60AE-ADC9-448F-B7B2-FCE6C649D714}.Debug|iPhone.ActiveCfg = Debug|Any CPU
		{3E9A60AE-ADC9-448F-B7B2-FCE6C649D714}.Debug|iPhone.Build.0 = Debug|Any CPU
		{3E9A60AE-ADC9-448F-B7B2-FCE6C649D714}.Debug|iPhone.Deploy.0 = Debug|Any CPU
		{3E9A60AE-ADC9-448F-B7B2-FCE6C649D714}.Debug|iPhoneSimulator.ActiveCfg = Debug|Any CPU
		{3E9A60AE-ADC9-448F-B7B2-FCE6C649D714}.Debug|iPhoneSimulator.Build.0 = Debug|Any CPU
		{3E9A60AE-ADC9-448F-B7B2-FCE6C649D714}.Debug|iPhoneSimulator.Deploy.0 = Debug|Any CPU
		{3E9A60AE-ADC9-448F-B7B2-FCE6C649D714}.Release|Any CPU.ActiveCfg = Release|Any CPU
		{3E9A60AE-ADC9-448F-B7B2-FCE6C649D714}.Release|Any CPU.Build.0 = Release|Any CPU
		{3E9A60AE-ADC9-448F-B7B2-FCE6C649D714}.Release|Any CPU.Deploy.0 = Release|Any CPU
		{3E9A60AE-ADC9-448F-B7B2-FCE6C649D714}.Release|iPhone.ActiveCfg = Release|Any CPU
		{3E9A60AE-ADC9-448F-B7B2-FCE6C649D714}.Release|iPhone.Build.0 = Release|Any CPU
		{3E9A60AE-ADC9-448F-B7B2-FCE6C649D714}.Release|iPhone.Deploy.0 = Release|Any CPU
		{3E9A60AE-ADC9-448F-B7B2-FCE6C649D714}.Release|iPhoneSimulator.ActiveCfg = Release|Any CPU
		{3E9A60AE-ADC9-448F-B7B2-FCE6C649D714}.Release|iPhoneSimulator.Build.0 = Release|Any CPU
		{3E9A60AE-ADC9-448F-B7B2-FCE6C649D714}.Release|iPhoneSimulator.Deploy.0 = Release|Any CPU
		{EE9645B8-0492-4235-8AAD-BE77728972F1}.Debug|Any CPU.ActiveCfg = Debug|iPhone
		{EE9645B8-0492-4235-8AAD-BE77728972F1}.Debug|Any CPU.Build.0 = Debug|iPhone
		{EE9645B8-0492-4235-8AAD-BE77728972F1}.Debug|Any CPU.Deploy.0 = Debug|iPhone
		{EE9645B8-0492-4235-8AAD-BE77728972F1}.Debug|iPhone.ActiveCfg = Debug|iPhone
		{EE9645B8-0492-4235-8AAD-BE77728972F1}.Debug|iPhone.Build.0 = Debug|iPhone
		{EE9645B8-0492-4235-8AAD-BE77728972F1}.Debug|iPhone.Deploy.0 = Debug|iPhone
		{EE9645B8-0492-4235-8AAD-BE77728972F1}.Debug|iPhoneSimulator.ActiveCfg = Debug|iPhoneSimulator
		{EE9645B8-0492-4235-8AAD-BE77728972F1}.Debug|iPhoneSimulator.Build.0 = Debug|iPhoneSimulator
		{EE9645B8-0492-4235-8AAD-BE77728972F1}.Debug|iPhoneSimulator.Deploy.0 = Debug|iPhoneSimulator
		{EE9645B8-0492-4235-8AAD-BE77728972F1}.Release|Any CPU.ActiveCfg = Release|iPhoneSimulator
		{EE9645B8-0492-4235-8AAD-BE77728972F1}.Release|Any CPU.Build.0 = Release|iPhoneSimulator
		{EE9645B8-0492-4235-8AAD-BE77728972F1}.Release|Any CPU.Deploy.0 = Release|iPhoneSimulator
		{EE9645B8-0492-4235-8AAD-BE77728972F1}.Release|iPhone.ActiveCfg = Release|iPhone
		{EE9645B8-0492-4235-8AAD-BE77728972F1}.Release|iPhone.Build.0 = Release|iPhone
		{EE9645B8-0492-4235-8AAD-BE77728972F1}.Release|iPhone.Deploy.0 = Release|iPhone
		{EE9645B8-0492-4235-8AAD-BE77728972F1}.Release|iPhoneSimulator.ActiveCfg = Release|iPhoneSimulator
		{EE9645B8-0492-4235-8AAD-BE77728972F1}.Release|iPhoneSimulator.Build.0 = Release|iPhoneSimulator
		{EE9645B8-0492-4235-8AAD-BE77728972F1}.Release|iPhoneSimulator.Deploy.0 = Release|iPhoneSimulator
		{E7C32A25-3F8D-45B5-BA20-F34D022500C7}.Debug|Any CPU.ActiveCfg = Debug|Any CPU
		{E7C32A25-3F8D-45B5-BA20-F34D022500C7}.Debug|Any CPU.Build.0 = Debug|Any CPU
		{E7C32A25-3F8D-45B5-BA20-F34D022500C7}.Debug|Any CPU.Deploy.0 = Debug|Any CPU
		{E7C32A25-3F8D-45B5-BA20-F34D022500C7}.Debug|iPhone.ActiveCfg = Debug|Any CPU
		{E7C32A25-3F8D-45B5-BA20-F34D022500C7}.Debug|iPhone.Build.0 = Debug|Any CPU
		{E7C32A25-3F8D-45B5-BA20-F34D022500C7}.Debug|iPhone.Deploy.0 = Debug|Any CPU
		{E7C32A25-3F8D-45B5-BA20-F34D022500C7}.Debug|iPhoneSimulator.ActiveCfg = Debug|Any CPU
		{E7C32A25-3F8D-45B5-BA20-F34D022500C7}.Debug|iPhoneSimulator.Build.0 = Debug|Any CPU
		{E7C32A25-3F8D-45B5-BA20-F34D022500C7}.Debug|iPhoneSimulator.Deploy.0 = Debug|Any CPU
		{E7C32A25-3F8D-45B5-BA20-F34D022500C7}.Release|Any CPU.ActiveCfg = Release|Any CPU
		{E7C32A25-3F8D-45B5-BA20-F34D022500C7}.Release|Any CPU.Build.0 = Release|Any CPU
		{E7C32A25-3F8D-45B5-BA20-F34D022500C7}.Release|Any CPU.Deploy.0 = Release|Any CPU
		{E7C32A25-3F8D-45B5-BA20-F34D022500C7}.Release|iPhone.ActiveCfg = Release|Any CPU
		{E7C32A25-3F8D-45B5-BA20-F34D022500C7}.Release|iPhone.Build.0 = Release|Any CPU
		{E7C32A25-3F8D-45B5-BA20-F34D022500C7}.Release|iPhone.Deploy.0 = Release|Any CPU
		{E7C32A25-3F8D-45B5-BA20-F34D022500C7}.Release|iPhoneSimulator.ActiveCfg = Release|Any CPU
		{E7C32A25-3F8D-45B5-BA20-F34D022500C7}.Release|iPhoneSimulator.Build.0 = Release|Any CPU
		{E7C32A25-3F8D-45B5-BA20-F34D022500C7}.Release|iPhoneSimulator.Deploy.0 = Release|Any CPU
	EndGlobalSection
	GlobalSection(SolutionProperties) = preSolution
		HideSolutionNode = FALSE
	EndGlobalSection
	GlobalSection(ExtensibilityGlobals) = postSolution
		SolutionGuid = {80572419-0FFA-4239-AC74-C06596E595BA}
	EndGlobalSection
EndGlobal
